
Microsoft Visual Studio Solution File, Format Version 12.00
# Visual Studio Version 17
VisualStudioVersion = 17.0.31903.59
MinimumVisualStudioVersion = 10.0.40219.1
Project("{2150E333-8FDC-42A3-9474-1A3956D46DE8}") = "src", "src", "{6A7E8215-E714-4C4C-A0D6-65F82A728F6A}"
EndProject
Project("{9A19103F-16F7-4668-BE54-9A1E7A4F7556}") = "DFASimulator.ConsoleApp", "src\DFASimulator.ConsoleApp\DFASimulator.ConsoleApp.csproj", "{28103DCE-0C87-4993-94B3-5F7B8E7625B3}"
EndProject
Global
	GlobalSection(SolutionConfigurationPlatforms) = preSolution
		Debug|Any CPU = Debug|Any CPU
		Release|Any CPU = Release|Any CPU
	EndGlobalSection
	GlobalSection(ProjectConfigurationPlatforms) = postSolution
		{28103DCE-0C87-4993-94B3-5F7B8E7625B3}.Debug|Any CPU.ActiveCfg = Debug|Any CPU
		{28103DCE-0C87-4993-94B3-5F7B8E7625B3}.Debug|Any CPU.Build.0 = Debug|Any CPU
		{28103DCE-0C87-4993-94B3-5F7B8E7625B3}.Release|Any CPU.ActiveCfg = Release|Any CPU
		{28103DCE-0C87-4993-94B3-5F7B8E7625B3}.Release|Any CPU.Build.0 = Release|Any CPU
	EndGlobalSection
	GlobalSection(SolutionProperties) = preSolution
		HideSolutionNode = FALSE
	EndGlobalSection
	GlobalSection(NestedProjects) = preSolution
		{28103DCE-0C87-4993-94B3-5F7B8E7625B3} = {6A7E8215-E714-4C4C-A0D6-65F82A728F6A}
	EndGlobalSection
	GlobalSection(ExtensibilityGlobals) = postSolution
		SolutionGuid = {8D03C612-0316-43A9-AA40-FA383B4C3198}
	EndGlobalSection
EndGlobal
